// !$*UTF8*$!
{
	archiveVersion = 1;
	classes = {
	};
	objectVersion = 50;
	objects = {

/* Begin PBXBuildFile section */
		57350D04242EDBB100B5E977 /* AppDelegate.swift in Sources */ = {isa = PBXBuildFile; fileRef = 57350D03242EDBB100B5E977 /* AppDelegate.swift */; };
		57350D06242EDBB200B5E977 /* Assets.xcassets in Resources */ = {isa = PBXBuildFile; fileRef = 57350D05242EDBB200B5E977 /* Assets.xcassets */; };
		57DA38D72431C70000BEDDBB /* SearchMenuItem.swift in Sources */ = {isa = PBXBuildFile; fileRef = 57DA38D62431C70000BEDDBB /* SearchMenuItem.swift */; };
		57DB2416242EE0AA00894FA3 /* Magnet.framework in Frameworks */ = {isa = PBXBuildFile; fileRef = 57DB2415242EE0AA00894FA3 /* Magnet.framework */; };
		57DB241D242EEEB300894FA3 /* Storyboard.storyboard in Resources */ = {isa = PBXBuildFile; fileRef = 57DB241C242EEEB300894FA3 /* Storyboard.storyboard */; };
		57DB2441242EF8E500894FA3 /* MenuView.swift in Sources */ = {isa = PBXBuildFile; fileRef = 57DB2440242EF8E500894FA3 /* MenuView.swift */; };
		57DB2443242F422800894FA3 /* MenuWindow.swift in Sources */ = {isa = PBXBuildFile; fileRef = 57DB2442242F422800894FA3 /* MenuWindow.swift */; };
/* End PBXBuildFile section */

/* Begin PBXFileReference section */
		57350D00242EDBB100B5E977 /* lightningMenu.app */ = {isa = PBXFileReference; explicitFileType = wrapper.application; includeInIndex = 0; path = lightningMenu.app; sourceTree = BUILT_PRODUCTS_DIR; };
		57350D03242EDBB100B5E977 /* AppDelegate.swift */ = {isa = PBXFileReference; lastKnownFileType = sourcecode.swift; path = AppDelegate.swift; sourceTree = "<group>"; };
		57350D05242EDBB200B5E977 /* Assets.xcassets */ = {isa = PBXFileReference; lastKnownFileType = folder.assetcatalog; path = Assets.xcassets; sourceTree = "<group>"; };
		57350D0A242EDBB200B5E977 /* Info.plist */ = {isa = PBXFileReference; lastKnownFileType = text.plist.xml; path = Info.plist; sourceTree = "<group>"; };
		57350D0B242EDBB200B5E977 /* lightningMenu.entitlements */ = {isa = PBXFileReference; lastKnownFileType = text.plist.entitlements; path = lightningMenu.entitlements; sourceTree = "<group>"; };
		57DA38D62431C70000BEDDBB /* SearchMenuItem.swift */ = {isa = PBXFileReference; lastKnownFileType = sourcecode.swift; path = SearchMenuItem.swift; sourceTree = "<group>"; };
		57DB2415242EE0AA00894FA3 /* Magnet.framework */ = {isa = PBXFileReference; lastKnownFileType = wrapper.framework; name = Magnet.framework; path = Carthage/Build/Mac/Magnet.framework; sourceTree = "<group>"; };
		57DB241C242EEEB300894FA3 /* Storyboard.storyboard */ = {isa = PBXFileReference; lastKnownFileType = file.storyboard; path = Storyboard.storyboard; sourceTree = "<group>"; };
		57DB2440242EF8E500894FA3 /* MenuView.swift */ = {isa = PBXFileReference; lastKnownFileType = sourcecode.swift; path = MenuView.swift; sourceTree = "<group>"; };
		57DB2442242F422800894FA3 /* MenuWindow.swift */ = {isa = PBXFileReference; lastKnownFileType = sourcecode.swift; path = MenuWindow.swift; sourceTree = "<group>"; };
/* End PBXFileReference section */

/* Begin PBXFrameworksBuildPhase section */
		57350CFD242EDBB100B5E977 /* Frameworks */ = {
			isa = PBXFrameworksBuildPhase;
			buildActionMask = 2147483647;
			files = (
				57DB2416242EE0AA00894FA3 /* Magnet.framework in Frameworks */,
			);
			runOnlyForDeploymentPostprocessing = 0;
		};
/* End PBXFrameworksBuildPhase section */

/* Begin PBXGroup section */
		57350CF7242EDBB100B5E977 = {
			isa = PBXGroup;
			children = (
				57350D02242EDBB100B5E977 /* lightningMenu */,
				57350D01242EDBB100B5E977 /* Products */,
				57DB2414242EE0AA00894FA3 /* Frameworks */,
			);
			sourceTree = "<group>";
		};
		57350D01242EDBB100B5E977 /* Products */ = {
			isa = PBXGroup;
			children = (
				57350D00242EDBB100B5E977 /* lightningMenu.app */,
			);
			name = Products;
			sourceTree = "<group>";
		};
		57350D02242EDBB100B5E977 /* lightningMenu */ = {
			isa = PBXGroup;
			children = (
				57350D03242EDBB100B5E977 /* AppDelegate.swift */,
				57350D05242EDBB200B5E977 /* Assets.xcassets */,
				57350D0A242EDBB200B5E977 /* Info.plist */,
				57350D0B242EDBB200B5E977 /* lightningMenu.entitlements */,
				57DB241C242EEEB300894FA3 /* Storyboard.storyboard */,
				57DB2440242EF8E500894FA3 /* MenuView.swift */,
				57DA38D62431C70000BEDDBB /* SearchMenuItem.swift */,
				57DB2442242F422800894FA3 /* MenuWindow.swift */,
			);
			path = lightningMenu;
			sourceTree = "<group>";
		};
		57DB2414242EE0AA00894FA3 /* Frameworks */ = {
			isa = PBXGroup;
			children = (
				57DB2415242EE0AA00894FA3 /* Magnet.framework */,
			);
			name = Frameworks;
			sourceTree = "<group>";
		};
/* End PBXGroup section */

/* Begin PBXNativeTarget section */
		57350CFF242EDBB100B5E977 /* lightningMenu */ = {
			isa = PBXNativeTarget;
			buildConfigurationList = 57350D0E242EDBB200B5E977 /* Build configuration list for PBXNativeTarget "lightningMenu" */;
			buildPhases = (
				57350CFC242EDBB100B5E977 /* Sources */,
				57350CFD242EDBB100B5E977 /* Frameworks */,
				57350CFE242EDBB100B5E977 /* Resources */,
				57DB2417242EE0E500894FA3 /* ShellScript */,
				57EE06B62435CD77001193CC /* ShellScript */,
			);
			buildRules = (
			);
			dependencies = (
			);
			name = lightningMenu;
			productName = lightningMenu;
			productReference = 57350D00242EDBB100B5E977 /* lightningMenu.app */;
			productType = "com.apple.product-type.application";
		};
/* End PBXNativeTarget section */

/* Begin PBXProject section */
		57350CF8242EDBB100B5E977 /* Project object */ = {
			isa = PBXProject;
			attributes = {
				LastSwiftUpdateCheck = 1010;
				LastUpgradeCheck = 1140;
				ORGANIZATIONNAME = zaru;
				TargetAttributes = {
					57350CFF242EDBB100B5E977 = {
						CreatedOnToolsVersion = 10.1;
						LastSwiftMigration = 1140;
						SystemCapabilities = {
							com.apple.Sandbox = {
								enabled = 0;
							};
						};
					};
				};
			};
			buildConfigurationList = 57350CFB242EDBB100B5E977 /* Build configuration list for PBXProject "lightningMenu" */;
			compatibilityVersion = "Xcode 9.3";
			developmentRegion = en;
			hasScannedForEncodings = 0;
			knownRegions = (
				en,
				Base,
			);
			mainGroup = 57350CF7242EDBB100B5E977;
			productRefGroup = 57350D01242EDBB100B5E977 /* Products */;
			projectDirPath = "";
			projectRoot = "";
			targets = (
				57350CFF242EDBB100B5E977 /* lightningMenu */,
			);
		};
/* End PBXProject section */

/* Begin PBXResourcesBuildPhase section */
		57350CFE242EDBB100B5E977 /* Resources */ = {
			isa = PBXResourcesBuildPhase;
			buildActionMask = 2147483647;
			files = (
				57350D06242EDBB200B5E977 /* Assets.xcassets in Resources */,
				57DB241D242EEEB300894FA3 /* Storyboard.storyboard in Resources */,
			);
			runOnlyForDeploymentPostprocessing = 0;
		};
/* End PBXResourcesBuildPhase section */

/* Begin PBXShellScriptBuildPhase section */
		57DB2417242EE0E500894FA3 /* ShellScript */ = {
			isa = PBXShellScriptBuildPhase;
			buildActionMask = 2147483647;
			files = (
			);
			inputFileListPaths = (
			);
			inputPaths = (
				"$(SRCROOT)/Carthage/Build/Mac/Magnet.framework",
			);
			outputFileListPaths = (
			);
			outputPaths = (
			);
			runOnlyForDeploymentPostprocessing = 0;
			shellPath = /bin/sh;
			shellScript = "/usr/local/bin/carthage copy-frameworks\n";
		};
		57EE06B62435CD77001193CC /* ShellScript */ = {
			isa = PBXShellScriptBuildPhase;
			buildActionMask = 2147483647;
			files = (
			);
			inputFileListPaths = (
			);
			inputPaths = (
			);
			outputFileListPaths = (
			);
			outputPaths = (
			);
			runOnlyForDeploymentPostprocessing = 0;
			shellPath = /bin/sh;
			shellScript = "swiftlint\n";
		};
/* End PBXShellScriptBuildPhase section */

/* Begin PBXSourcesBuildPhase section */
		57350CFC242EDBB100B5E977 /* Sources */ = {
			isa = PBXSourcesBuildPhase;
			buildActionMask = 2147483647;
			files = (
				57DB2441242EF8E500894FA3 /* MenuView.swift in Sources */,
				57350D04242EDBB100B5E977 /* AppDelegate.swift in Sources */,
				57DA38D72431C70000BEDDBB /* SearchMenuItem.swift in Sources */,
				57DB2443242F422800894FA3 /* MenuWindow.swift in Sources */,
			);
			runOnlyForDeploymentPostprocessing = 0;
		};
/* End PBXSourcesBuildPhase section */

/* Begin XCBuildConfiguration section */
		57350D0C242EDBB200B5E977 /* Debug */ = {
			isa = XCBuildConfiguration;
			buildSettings = {
				ALWAYS_SEARCH_USER_PATHS = NO;
				CLANG_ANALYZER_NONNULL = YES;
				CLANG_ANALYZER_NUMBER_OBJECT_CONVERSION = YES_AGGRESSIVE;
				CLANG_CXX_LANGUAGE_STANDARD = "gnu++14";
				CLANG_CXX_LIBRARY = "libc++";
				CLANG_ENABLE_MODULES = YES;
				CLANG_ENABLE_OBJC_ARC = YES;
				CLANG_ENABLE_OBJC_WEAK = YES;
				CLANG_WARN_BLOCK_CAPTURE_AUTORELEASING = YES;
				CLANG_WARN_BOOL_CONVERSION = YES;
				CLANG_WARN_COMMA = YES;
				CLANG_WARN_CONSTANT_CONVERSION = YES;
				CLANG_WARN_DEPRECATED_OBJC_IMPLEMENTATIONS = YES;
				CLANG_WARN_DIRECT_OBJC_ISA_USAGE = YES_ERROR;
				CLANG_WARN_DOCUMENTATION_COMMENTS = YES;
				CLANG_WARN_EMPTY_BODY = YES;
				CLANG_WARN_ENUM_CONVERSION = YES;
				CLANG_WARN_INFINITE_RECURSION = YES;
				CLANG_WARN_INT_CONVERSION = YES;
				CLANG_WARN_NON_LITERAL_NULL_CONVERSION = YES;
				CLANG_WARN_OBJC_IMPLICIT_RETAIN_SELF = YES;
				CLANG_WARN_OBJC_LITERAL_CONVERSION = YES;
				CLANG_WARN_OBJC_ROOT_CLASS = YES_ERROR;
				CLANG_WARN_RANGE_LOOP_ANALYSIS = YES;
				CLANG_WARN_STRICT_PROTOTYPES = YES;
				CLANG_WARN_SUSPICIOUS_MOVE = YES;
				CLANG_WARN_UNGUARDED_AVAILABILITY = YES_AGGRESSIVE;
				CLANG_WARN_UNREACHABLE_CODE = YES;
				CLANG_WARN__DUPLICATE_METHOD_MATCH = YES;
				CODE_SIGN_IDENTITY = "Mac Developer";
				COPY_PHASE_STRIP = NO;
				DEBUG_INFORMATION_FORMAT = dwarf;
				ENABLE_STRICT_OBJC_MSGSEND = YES;
				ENABLE_TESTABILITY = YES;
				GCC_C_LANGUAGE_STANDARD = gnu11;
				GCC_DYNAMIC_NO_PIC = NO;
				GCC_NO_COMMON_BLOCKS = YES;
				GCC_OPTIMIZATION_LEVEL = 0;
				GCC_PREPROCESSOR_DEFINITIONS = (
					"DEBUG=1",
					"$(inherited)",
				);
				GCC_WARN_64_TO_32_BIT_CONVERSION = YES;
				GCC_WARN_ABOUT_RETURN_TYPE = YES_ERROR;
				GCC_WARN_UNDECLARED_SELECTOR = YES;
				GCC_WARN_UNINITIALIZED_AUTOS = YES_AGGRESSIVE;
				GCC_WARN_UNUSED_FUNCTION = YES;
				GCC_WARN_UNUSED_VARIABLE = YES;
				MACOSX_DEPLOYMENT_TARGET = 10.13;
				MTL_ENABLE_DEBUG_INFO = INCLUDE_SOURCE;
				MTL_FAST_MATH = YES;
				ONLY_ACTIVE_ARCH = YES;
				SDKROOT = macosx;
				SWIFT_ACTIVE_COMPILATION_CONDITIONS = DEBUG;
				SWIFT_OPTIMIZATION_LEVEL = "-Onone";
			};
			name = Debug;
		};
		57350D0D242EDBB200B5E977 /* Release */ = {
			isa = XCBuildConfiguration;
			buildSettings = {
				ALWAYS_SEARCH_USER_PATHS = NO;
				CLANG_ANALYZER_NONNULL = YES;
				CLANG_ANALYZER_NUMBER_OBJECT_CONVERSION = YES_AGGRESSIVE;
				CLANG_CXX_LANGUAGE_STANDARD = "gnu++14";
				CLANG_CXX_LIBRARY = "libc++";
				CLANG_ENABLE_MODULES = YES;
				CLANG_ENABLE_OBJC_ARC = YES;
				CLANG_ENABLE_OBJC_WEAK = YES;
				CLANG_WARN_BLOCK_CAPTURE_AUTORELEASING = YES;
				CLANG_WARN_BOOL_CONVERSION = YES;
				CLANG_WARN_COMMA = YES;
				CLANG_WARN_CONSTANT_CONVERSION = YES;
				CLANG_WARN_DEPRECATED_OBJC_IMPLEMENTATIONS = YES;
				CLANG_WARN_DIRECT_OBJC_ISA_USAGE = YES_ERROR;
				CLANG_WARN_DOCUMENTATION_COMMENTS = YES;
				CLANG_WARN_EMPTY_BODY = YES;
				CLANG_WARN_ENUM_CONVERSION = YES;
				CLANG_WARN_INFINITE_RECURSION = YES;
				CLANG_WARN_INT_CONVERSION = YES;
				CLANG_WARN_NON_LITERAL_NULL_CONVERSION = YES;
				CLANG_WARN_OBJC_IMPLICIT_RETAIN_SELF = YES;
				CLANG_WARN_OBJC_LITERAL_CONVERSION = YES;
				CLANG_WARN_OBJC_ROOT_CLASS = YES_ERROR;
				CLANG_WARN_RANGE_LOOP_ANALYSIS = YES;
				CLANG_WARN_STRICT_PROTOTYPES = YES;
				CLANG_WARN_SUSPICIOUS_MOVE = YES;
				CLANG_WARN_UNGUARDED_AVAILABILITY = YES_AGGRESSIVE;
				CLANG_WARN_UNREACHABLE_CODE = YES;
				CLANG_WARN__DUPLICATE_METHOD_MATCH = YES;
				CODE_SIGN_IDENTITY = "Mac Developer";
				COPY_PHASE_STRIP = NO;
				DEBUG_INFORMATION_FORMAT = "dwarf-with-dsym";
				ENABLE_NS_ASSERTIONS = NO;
				ENABLE_STRICT_OBJC_MSGSEND = YES;
				GCC_C_LANGUAGE_STANDARD = gnu11;
				GCC_NO_COMMON_BLOCKS = YES;
				GCC_WARN_64_TO_32_BIT_CONVERSION = YES;
				GCC_WARN_ABOUT_RETURN_TYPE = YES_ERROR;
				GCC_WARN_UNDECLARED_SELECTOR = YES;
				GCC_WARN_UNINITIALIZED_AUTOS = YES_AGGRESSIVE;
				GCC_WARN_UNUSED_FUNCTION = YES;
				GCC_WARN_UNUSED_VARIABLE = YES;
				MACOSX_DEPLOYMENT_TARGET = 10.13;
				MTL_ENABLE_DEBUG_INFO = NO;
				MTL_FAST_MATH = YES;
				SDKROOT = macosx;
				SWIFT_COMPILATION_MODE = wholemodule;
				SWIFT_OPTIMIZATION_LEVEL = "-O";
			};
			name = Release;
		};
		57350D0F242EDBB200B5E977 /* Debug */ = {
			isa = XCBuildConfiguration;
			buildSettings = {
				ASSETCATALOG_COMPILER_APPICON_NAME = AppIcon;
				CODE_SIGN_IDENTITY = "-";
				CODE_SIGN_STYLE = Automatic;
				COMBINE_HIDPI_IMAGES = YES;
				DEVELOPMENT_TEAM = TH5EXGHJTG;
				FRAMEWORK_SEARCH_PATHS = (
					"$(inherited)",
					"$(PROJECT_DIR)/Carthage/Build/Mac",
				);
				INFOPLIST_FILE = lightningMenu/Info.plist;
				LD_RUNPATH_SEARCH_PATHS = (
					"$(inherited)",
					"@executable_path/../Frameworks",
				);
				PRODUCT_BUNDLE_IDENTIFIER = "tofu-kun.org.lightningMenu";
				PRODUCT_NAME = "$(TARGET_NAME)";
				SWIFT_VERSION = 5.0;
			};
			name = Debug;
		};
		57350D10242EDBB200B5E977 /* Release */ = {
			isa = XCBuildConfiguration;
			buildSettings = {
				ASSETCATALOG_COMPILER_APPICON_NAME = AppIcon;
				CODE_SIGN_IDENTITY = "-";
				CODE_SIGN_STYLE = Automatic;
				COMBINE_HIDPI_IMAGES = YES;
				DEVELOPMENT_TEAM = TH5EXGHJTG;
				FRAMEWORK_SEARCH_PATHS = (
					"$(inherited)",
					"$(PROJECT_DIR)/Carthage/Build/Mac",
				);
				INFOPLIST_FILE = lightningMenu/Info.plist;
				LD_RUNPATH_SEARCH_PATHS = (
					"$(inherited)",
					"@executable_path/../Frameworks",
				);
				PRODUCT_BUNDLE_IDENTIFIER = "tofu-kun.org.lightningMenu";
				PRODUCT_NAME = "$(TARGET_NAME)";
				SWIFT_VERSION = 5.0;
			};
			name = Release;
		};
/* End XCBuildConfiguration section */

/* Begin XCConfigurationList section */
		57350CFB242EDBB100B5E977 /* Build configuration list for PBXProject "lightningMenu" */ = {
			isa = XCConfigurationList;
			buildConfigurations = (
				57350D0C242EDBB200B5E977 /* Debug */,
				57350D0D242EDBB200B5E977 /* Release */,
			);
			defaultConfigurationIsVisible = 0;
			defaultConfigurationName = Release;
		};
		57350D0E242EDBB200B5E977 /* Build configuration list for PBXNativeTarget "lightningMenu" */ = {
			isa = XCConfigurationList;
			buildConfigurations = (
				57350D0F242EDBB200B5E977 /* Debug */,
				57350D10242EDBB200B5E977 /* Release */,
			);
			defaultConfigurationIsVisible = 0;
			defaultConfigurationName = Release;
		};
/* End XCConfigurationList section */
	};
	rootObject = 57350CF8242EDBB100B5E977 /* Project object */;
}
